
Microsoft Visual Studio Solution File, Format Version 12.00
# Visual Studio Version 16
VisualStudioVersion = 16.0.30413.136
MinimumVisualStudioVersion = 10.0.40219.1
Project("{FAE04EC0-301F-11D3-BF4B-00C04F79EFBC}") = "ShoppingMall", "ShoppingMall\ShoppingMall.csproj", "{221B100B-3444-4ABD-B35F-CEB55A08E728}"
EndProject
Global
	GlobalSection(SolutionConfigurationPlatforms) = preSolution
		Debug|Any CPU = Debug|Any CPU
		Release|Any CPU = Release|Any CPU
	EndGlobalSection
	GlobalSection(ProjectConfigurationPlatforms) = postSolution
		{221B100B-3444-4ABD-B35F-CEB55A08E728}.Debug|Any CPU.ActiveCfg = Debug|Any CPU
		{221B100B-3444-4ABD-B35F-CEB55A08E728}.Debug|Any CPU.Build.0 = Debug|Any CPU
		{221B100B-3444-4ABD-B35F-CEB55A08E728}.Release|Any CPU.ActiveCfg = Release|Any CPU
		{221B100B-3444-4ABD-B35F-CEB55A08E728}.Release|Any CPU.Build.0 = Release|Any CPU
	EndGlobalSection
	GlobalSection(SolutionProperties) = preSolution
		HideSolutionNode = FALSE
	EndGlobalSection
	GlobalSection(ExtensibilityGlobals) = postSolution
		SolutionGuid = {EB9BBAB0-B0D8-40BD-8D2D-4887BAC884C4}
	EndGlobalSection
EndGlobal
