
Microsoft Visual Studio Solution File, Format Version 12.00
# Visual Studio Version 16
VisualStudioVersion = 16.0.30406.217
MinimumVisualStudioVersion = 10.0.40219.1
Project("{FAE04EC0-301F-11D3-BF4B-00C04F79EFBC}") = "WingtipToys", "WingtipToys\WingtipToys.csproj", "{34B266EE-83BA-4A2C-8EC3-24343343ABD9}"
EndProject
Global
	GlobalSection(SolutionConfigurationPlatforms) = preSolution
		Debug|Any CPU = Debug|Any CPU
		Release|Any CPU = Release|Any CPU
	EndGlobalSection
	GlobalSection(ProjectConfigurationPlatforms) = postSolution
		{34B266EE-83BA-4A2C-8EC3-24343343ABD9}.Debug|Any CPU.ActiveCfg = Debug|Any CPU
		{34B266EE-83BA-4A2C-8EC3-24343343ABD9}.Debug|Any CPU.Build.0 = Debug|Any CPU
		{34B266EE-83BA-4A2C-8EC3-24343343ABD9}.Release|Any CPU.ActiveCfg = Release|Any CPU
		{34B266EE-83BA-4A2C-8EC3-24343343ABD9}.Release|Any CPU.Build.0 = Release|Any CPU
	EndGlobalSection
	GlobalSection(SolutionProperties) = preSolution
		HideSolutionNode = FALSE
	EndGlobalSection
	GlobalSection(ExtensibilityGlobals) = postSolution
		SolutionGuid = {E1F06306-5BF5-47DA-89A0-9912663D06D3}
	EndGlobalSection
EndGlobal
